
Microsoft Visual Studio Solution File, Format Version 12.00
# Visual Studio 15
VisualStudioVersion = 15.0.28124.53
MinimumVisualStudioVersion = 10.0.40219.1
Project("{FAE04EC0-301F-11D3-BF4B-00C04F79EFBC}") = "lesson2", "lesson2\lesson2.csproj", "{DAB2605D-4738-4A30-ABBF-FC8A8325B470}"
EndProject
Project("{FAE04EC0-301F-11D3-BF4B-00C04F79EFBC}") = "lesson3", "lesson3\lesson3.csproj", "{E38F220A-1825-4097-B924-23709D3367DE}"
EndProject
Project("{FAE04EC0-301F-11D3-BF4B-00C04F79EFBC}") = "lesson4", "lesson4\lesson4.csproj", "{30089173-20FE-48EB-B477-20F752F4C44B}"
EndProject
Project("{FAE04EC0-301F-11D3-BF4B-00C04F79EFBC}") = "Lesson5TypeConvention", "Lesson5TypeConvention\Lesson5TypeConvention.csproj", "{18735B99-BA66-4DA9-AE93-41EB9E3CB139}"
EndProject
Project("{FAE04EC0-301F-11D3-BF4B-00C04F79EFBC}") = "Lesson5Statement", "Lesson5Statement\Lesson5Statement.csproj", "{79C66CD7-B09E-4552-B30A-7634A38B3DAD}"
EndProject
Project("{FAE04EC0-301F-11D3-BF4B-00C04F79EFBC}") = "Lesson6Collection", "Lesson6Collection\Lesson6Collection.csproj", "{6FD88C95-A1CF-40D6-9440-8BFC5DC8D9C0}"
EndProject
Global
	GlobalSection(SolutionConfigurationPlatforms) = preSolution
		Debug|Any CPU = Debug|Any CPU
		Release|Any CPU = Release|Any CPU
	EndGlobalSection
	GlobalSection(ProjectConfigurationPlatforms) = postSolution
		{DAB2605D-4738-4A30-ABBF-FC8A8325B470}.Debug|Any CPU.ActiveCfg = Debug|Any CPU
		{DAB2605D-4738-4A30-ABBF-FC8A8325B470}.Debug|Any CPU.Build.0 = Debug|Any CPU
		{DAB2605D-4738-4A30-ABBF-FC8A8325B470}.Release|Any CPU.ActiveCfg = Release|Any CPU
		{DAB2605D-4738-4A30-ABBF-FC8A8325B470}.Release|Any CPU.Build.0 = Release|Any CPU
		{E38F220A-1825-4097-B924-23709D3367DE}.Debug|Any CPU.ActiveCfg = Debug|Any CPU
		{E38F220A-1825-4097-B924-23709D3367DE}.Debug|Any CPU.Build.0 = Debug|Any CPU
		{E38F220A-1825-4097-B924-23709D3367DE}.Release|Any CPU.ActiveCfg = Release|Any CPU
		{E38F220A-1825-4097-B924-23709D3367DE}.Release|Any CPU.Build.0 = Release|Any CPU
		{30089173-20FE-48EB-B477-20F752F4C44B}.Debug|Any CPU.ActiveCfg = Debug|Any CPU
		{30089173-20FE-48EB-B477-20F752F4C44B}.Debug|Any CPU.Build.0 = Debug|Any CPU
		{30089173-20FE-48EB-B477-20F752F4C44B}.Release|Any CPU.ActiveCfg = Release|Any CPU
		{30089173-20FE-48EB-B477-20F752F4C44B}.Release|Any CPU.Build.0 = Release|Any CPU
		{18735B99-BA66-4DA9-AE93-41EB9E3CB139}.Debug|Any CPU.ActiveCfg = Debug|Any CPU
		{18735B99-BA66-4DA9-AE93-41EB9E3CB139}.Debug|Any CPU.Build.0 = Debug|Any CPU
		{18735B99-BA66-4DA9-AE93-41EB9E3CB139}.Release|Any CPU.ActiveCfg = Release|Any CPU
		{18735B99-BA66-4DA9-AE93-41EB9E3CB139}.Release|Any CPU.Build.0 = Release|Any CPU
		{79C66CD7-B09E-4552-B30A-7634A38B3DAD}.Debug|Any CPU.ActiveCfg = Debug|Any CPU
		{79C66CD7-B09E-4552-B30A-7634A38B3DAD}.Debug|Any CPU.Build.0 = Debug|Any CPU
		{79C66CD7-B09E-4552-B30A-7634A38B3DAD}.Release|Any CPU.ActiveCfg = Release|Any CPU
		{79C66CD7-B09E-4552-B30A-7634A38B3DAD}.Release|Any CPU.Build.0 = Release|Any CPU
		{6FD88C95-A1CF-40D6-9440-8BFC5DC8D9C0}.Debug|Any CPU.ActiveCfg = Debug|Any CPU
		{6FD88C95-A1CF-40D6-9440-8BFC5DC8D9C0}.Debug|Any CPU.Build.0 = Debug|Any CPU
		{6FD88C95-A1CF-40D6-9440-8BFC5DC8D9C0}.Release|Any CPU.ActiveCfg = Release|Any CPU
		{6FD88C95-A1CF-40D6-9440-8BFC5DC8D9C0}.Release|Any CPU.Build.0 = Release|Any CPU
	EndGlobalSection
	GlobalSection(SolutionProperties) = preSolution
		HideSolutionNode = FALSE
	EndGlobalSection
	GlobalSection(ExtensibilityGlobals) = postSolution
		SolutionGuid = {D87B075E-5319-4193-A664-CF30D8B8E50F}
	EndGlobalSection
EndGlobal
